PODS:
  - Alamofire (4.9.1)
  - Cosmos (20.0.1)
  - SQLite.swift (0.12.2):
    - SQLite.swift/standard (= 0.12.2)
  - SQLite.swift/standard (0.12.2)
  - SwiftyJSON (5.0.0)
  - YoutubePlayer-in-WKWebView (0.3.4)

DEPENDENCIES:
  - Alamofire
  - Cosmos
  - SQLite.swift
  - SwiftyJSON
  - YoutubePlayer-in-WKWebView

SPEC REPOS:
  trunk:
    - Alamofire
    - Cosmos
    - SQLite.swift
    - SwiftyJSON
    - YoutubePlayer-in-WKWebView

SPEC CHECKSUMS:
  Alamofire: 85e8a02c69d6020a0d734f6054870d7ecb75cf18
  Cosmos: b47fddf2102bb48580cd3025d9ce0a5c658a65da
  SQLite.swift: d2b4642190917051ce6bd1d49aab565fe794eea3
  SwiftyJSON: 36413e04c44ee145039d332b4f4e2d3e8d6c4db7
  YoutubePlayer-in-WKWebView: af2f5929fc78882d94bfdfeea999b661b78d9717

PODFILE CHECKSUM: 224b86ade8bb082b724bcfaa7dd49e7f537b5e71

COCOAPODS: 1.8.4
